{
  "name": "amplify",
  "lockfileVersion": 3,
  "requires": true,
  "packages": {
    "": {
      "dependencies": {
        "@aws-appsync/utils": "^1.9.0"
      }
    },
    "node_modules/@aws-appsync/utils": {
      "version": "1.9.0",
      "resolved": "https://registry.npmjs.org/@aws-appsync/utils/-/utils-1.9.0.tgz",
      "integrity": "sha512-TAZNHiMpJKafrur6sE0Ou48gbuRL1oJXUDfrnBbYAXDVF3+mzD/0QCRp91F/dcAUbbNkFaq8pAwLEBTmpvmm9g=="
    }
  }
}
